
Microsoft Visual Studio Solution File, Format Version 12.00
# Visual Studio 15
VisualStudioVersion = 15.0.27130.2027
MinimumVisualStudioVersion = 10.0.40219.1
Project("{9A19103F-16F7-4668-BE54-9A1E7A4F7556}") = "AspNetCore", "AspNetCore\AspNetCore.csproj", "{EE1C00C0-8142-4C03-8D56-13BF45070E15}"
EndProject
Project("{FAE04EC0-301F-11D3-BF4B-00C04F79EFBC}") = "AspNetMVC", "AspNetMVC\AspNetMVC.csproj", "{28745D8D-F436-4CF8-8DC2-CBA2FC97542A}"
EndProject
Project("{FAE04EC0-301F-11D3-BF4B-00C04F79EFBC}") = "RssLibrary", "RssLibrary\RssLibrary.csproj", "{7AEBB3B8-E512-483D-AE4A-0505BD3F676F}"
EndProject
Global
	GlobalSection(SolutionConfigurationPlatforms) = preSolution
		Debug|Any CPU = Debug|Any CPU
		Release|Any CPU = Release|Any CPU
	EndGlobalSection
	GlobalSection(ProjectConfigurationPlatforms) = postSolution
		{EE1C00C0-8142-4C03-8D56-13BF45070E15}.Debug|Any CPU.ActiveCfg = Debug|Any CPU
		{EE1C00C0-8142-4C03-8D56-13BF45070E15}.Debug|Any CPU.Build.0 = Debug|Any CPU
		{EE1C00C0-8142-4C03-8D56-13BF45070E15}.Release|Any CPU.ActiveCfg = Release|Any CPU
		{EE1C00C0-8142-4C03-8D56-13BF45070E15}.Release|Any CPU.Build.0 = Release|Any CPU
		{28745D8D-F436-4CF8-8DC2-CBA2FC97542A}.Debug|Any CPU.ActiveCfg = Debug|Any CPU
		{28745D8D-F436-4CF8-8DC2-CBA2FC97542A}.Debug|Any CPU.Build.0 = Debug|Any CPU
		{28745D8D-F436-4CF8-8DC2-CBA2FC97542A}.Release|Any CPU.ActiveCfg = Release|Any CPU
		{28745D8D-F436-4CF8-8DC2-CBA2FC97542A}.Release|Any CPU.Build.0 = Release|Any CPU
		{7AEBB3B8-E512-483D-AE4A-0505BD3F676F}.Debug|Any CPU.ActiveCfg = Debug|Any CPU
		{7AEBB3B8-E512-483D-AE4A-0505BD3F676F}.Debug|Any CPU.Build.0 = Debug|Any CPU
		{7AEBB3B8-E512-483D-AE4A-0505BD3F676F}.Release|Any CPU.ActiveCfg = Release|Any CPU
		{7AEBB3B8-E512-483D-AE4A-0505BD3F676F}.Release|Any CPU.Build.0 = Release|Any CPU
	EndGlobalSection
	GlobalSection(SolutionProperties) = preSolution
		HideSolutionNode = FALSE
	EndGlobalSection
	GlobalSection(ExtensibilityGlobals) = postSolution
		SolutionGuid = {9CCC9BA0-07CE-41CC-BAD9-CEFFAD46E9DA}
	EndGlobalSection
EndGlobal
